
Microsoft Visual Studio Solution File, Format Version 12.00
# Visual Studio Version 17
VisualStudioVersion = 17.13.35919.96 d17.13
MinimumVisualStudioVersion = 10.0.40219.1
Project("{FAE04EC0-301F-11D3-BF4B-00C04F79EFBC}") = "VendasNuvemShopApi", "VendasNuvemShopApi\VendasNuvemShopApi.csproj", "{0FD6BFB3-13F2-4CBE-AC14-07A072DCC490}"
EndProject
Global
	GlobalSection(SolutionConfigurationPlatforms) = preSolution
		Debug|Any CPU = Debug|Any CPU
		Release|Any CPU = Release|Any CPU
	EndGlobalSection
	GlobalSection(ProjectConfigurationPlatforms) = postSolution
		{0FD6BFB3-13F2-4CBE-AC14-07A072DCC490}.Debug|Any CPU.ActiveCfg = Debug|Any CPU
		{0FD6BFB3-13F2-4CBE-AC14-07A072DCC490}.Debug|Any CPU.Build.0 = Debug|Any CPU
		{0FD6BFB3-13F2-4CBE-AC14-07A072DCC490}.Release|Any CPU.ActiveCfg = Release|Any CPU
		{0FD6BFB3-13F2-4CBE-AC14-07A072DCC490}.Release|Any CPU.Build.0 = Release|Any CPU
	EndGlobalSection
	GlobalSection(SolutionProperties) = preSolution
		HideSolutionNode = FALSE
	EndGlobalSection
	GlobalSection(ExtensibilityGlobals) = postSolution
		SolutionGuid = {119000B0-1784-48C8-B901-511926AFE26D}
	EndGlobalSection
EndGlobal
